
Microsoft Visual Studio Solution File, Format Version 12.00
# Visual Studio Version 16
VisualStudioVersion = 16.0.32413.511
MinimumVisualStudioVersion = 10.0.40219.1
Project("{FAE04EC0-301F-11D3-BF4B-00C04F79EFBC}") = "DailyReport", "DailyReport\DailyReport.csproj", "{C3173DC7-F263-42F0-A49D-0693491F0C7D}"
EndProject
Global
	GlobalSection(SolutionConfigurationPlatforms) = preSolution
		Debug|Any CPU = Debug|Any CPU
		Release|Any CPU = Release|Any CPU
	EndGlobalSection
	GlobalSection(ProjectConfigurationPlatforms) = postSolution
		{C3173DC7-F263-42F0-A49D-0693491F0C7D}.Debug|Any CPU.ActiveCfg = Debug|Any CPU
		{C3173DC7-F263-42F0-A49D-0693491F0C7D}.Debug|Any CPU.Build.0 = Debug|Any CPU
		{C3173DC7-F263-42F0-A49D-0693491F0C7D}.Release|Any CPU.ActiveCfg = Release|Any CPU
		{C3173DC7-F263-42F0-A49D-0693491F0C7D}.Release|Any CPU.Build.0 = Release|Any CPU
	EndGlobalSection
	GlobalSection(SolutionProperties) = preSolution
		HideSolutionNode = FALSE
	EndGlobalSection
	GlobalSection(ExtensibilityGlobals) = postSolution
		SolutionGuid = {A95191DF-6D2D-4D2C-96E5-71F9D716D021}
	EndGlobalSection
EndGlobal
