
Microsoft Visual Studio Solution File, Format Version 12.00
# Visual Studio Version 16
VisualStudioVersion = 16.0.32413.511
MinimumVisualStudioVersion = 10.0.40219.1
Project("{FAE04EC0-301F-11D3-BF4B-00C04F79EFBC}") = "Array", "Array\Array.csproj", "{46606A99-3BE4-46F4-978A-DB7BC1593420}"
EndProject
Global
	GlobalSection(SolutionConfigurationPlatforms) = preSolution
		Debug|Any CPU = Debug|Any CPU
		Release|Any CPU = Release|Any CPU
	EndGlobalSection
	GlobalSection(ProjectConfigurationPlatforms) = postSolution
		{46606A99-3BE4-46F4-978A-DB7BC1593420}.Debug|Any CPU.ActiveCfg = Debug|Any CPU
		{46606A99-3BE4-46F4-978A-DB7BC1593420}.Debug|Any CPU.Build.0 = Debug|Any CPU
		{46606A99-3BE4-46F4-978A-DB7BC1593420}.Release|Any CPU.ActiveCfg = Release|Any CPU
		{46606A99-3BE4-46F4-978A-DB7BC1593420}.Release|Any CPU.Build.0 = Release|Any CPU
	EndGlobalSection
	GlobalSection(SolutionProperties) = preSolution
		HideSolutionNode = FALSE
	EndGlobalSection
	GlobalSection(ExtensibilityGlobals) = postSolution
		SolutionGuid = {DC05D89E-610E-4ECE-8263-212F8189688D}
	EndGlobalSection
EndGlobal
