
Microsoft Visual Studio Solution File, Format Version 12.00
# Visual Studio Version 16
VisualStudioVersion = 16.0.32413.511
MinimumVisualStudioVersion = 10.0.40219.1
Project("{FAE04EC0-301F-11D3-BF4B-00C04F79EFBC}") = "ArraysList", "ArraysList\ArraysList.csproj", "{C59E2080-87B9-405A-A274-6BD065D71573}"
EndProject
Global
	GlobalSection(SolutionConfigurationPlatforms) = preSolution
		Debug|Any CPU = Debug|Any CPU
		Release|Any CPU = Release|Any CPU
	EndGlobalSection
	GlobalSection(ProjectConfigurationPlatforms) = postSolution
		{C59E2080-87B9-405A-A274-6BD065D71573}.Debug|Any CPU.ActiveCfg = Debug|Any CPU
		{C59E2080-87B9-405A-A274-6BD065D71573}.Debug|Any CPU.Build.0 = Debug|Any CPU
		{C59E2080-87B9-405A-A274-6BD065D71573}.Release|Any CPU.ActiveCfg = Release|Any CPU
		{C59E2080-87B9-405A-A274-6BD065D71573}.Release|Any CPU.Build.0 = Release|Any CPU
	EndGlobalSection
	GlobalSection(SolutionProperties) = preSolution
		HideSolutionNode = FALSE
	EndGlobalSection
	GlobalSection(ExtensibilityGlobals) = postSolution
		SolutionGuid = {C5EAC833-3D9E-4C04-82B5-690948CCC951}
	EndGlobalSection
EndGlobal
