
Microsoft Visual Studio Solution File, Format Version 12.00
# Visual Studio Version 16
VisualStudioVersion = 16.0.32413.511
MinimumVisualStudioVersion = 10.0.40219.1
Project("{FAE04EC0-301F-11D3-BF4B-00C04F79EFBC}") = "CarInsurance", "CarInsurance\CarInsurance.csproj", "{31D4F113-2A7D-47FC-97A8-835D5DF5BED1}"
EndProject
Global
	GlobalSection(SolutionConfigurationPlatforms) = preSolution
		Debug|Any CPU = Debug|Any CPU
		Release|Any CPU = Release|Any CPU
	EndGlobalSection
	GlobalSection(ProjectConfigurationPlatforms) = postSolution
		{31D4F113-2A7D-47FC-97A8-835D5DF5BED1}.Debug|Any CPU.ActiveCfg = Debug|Any CPU
		{31D4F113-2A7D-47FC-97A8-835D5DF5BED1}.Debug|Any CPU.Build.0 = Debug|Any CPU
		{31D4F113-2A7D-47FC-97A8-835D5DF5BED1}.Release|Any CPU.ActiveCfg = Release|Any CPU
		{31D4F113-2A7D-47FC-97A8-835D5DF5BED1}.Release|Any CPU.Build.0 = Release|Any CPU
	EndGlobalSection
	GlobalSection(SolutionProperties) = preSolution
		HideSolutionNode = FALSE
	EndGlobalSection
	GlobalSection(ExtensibilityGlobals) = postSolution
		SolutionGuid = {F99BF8C5-2901-4AB3-9683-01D47CCADEA8}
	EndGlobalSection
EndGlobal
