
Microsoft Visual Studio Solution File, Format Version 12.00
# Visual Studio Version 16
VisualStudioVersion = 16.0.32413.511
MinimumVisualStudioVersion = 10.0.40219.1
Project("{9A19103F-16F7-4668-BE54-9A1E7A4F7556}") = "TwentyOne", "TwentyOne\TwentyOne.csproj", "{FE0032D8-81AC-43D2-A20D-53C118A29550}"
EndProject
Project("{FAE04EC0-301F-11D3-BF4B-00C04F79EFBC}") = "Casino", "Casino\Casino.csproj", "{271B9788-3E41-4C3B-9B0C-AF4245F8239F}"
EndProject
Global
	GlobalSection(SolutionConfigurationPlatforms) = preSolution
		Debug|Any CPU = Debug|Any CPU
		Release|Any CPU = Release|Any CPU
	EndGlobalSection
	GlobalSection(ProjectConfigurationPlatforms) = postSolution
		{FE0032D8-81AC-43D2-A20D-53C118A29550}.Debug|Any CPU.ActiveCfg = Debug|Any CPU
		{FE0032D8-81AC-43D2-A20D-53C118A29550}.Debug|Any CPU.Build.0 = Debug|Any CPU
		{FE0032D8-81AC-43D2-A20D-53C118A29550}.Release|Any CPU.ActiveCfg = Release|Any CPU
		{FE0032D8-81AC-43D2-A20D-53C118A29550}.Release|Any CPU.Build.0 = Release|Any CPU
		{271B9788-3E41-4C3B-9B0C-AF4245F8239F}.Debug|Any CPU.ActiveCfg = Debug|Any CPU
		{271B9788-3E41-4C3B-9B0C-AF4245F8239F}.Debug|Any CPU.Build.0 = Debug|Any CPU
		{271B9788-3E41-4C3B-9B0C-AF4245F8239F}.Release|Any CPU.ActiveCfg = Release|Any CPU
		{271B9788-3E41-4C3B-9B0C-AF4245F8239F}.Release|Any CPU.Build.0 = Release|Any CPU
	EndGlobalSection
	GlobalSection(SolutionProperties) = preSolution
		HideSolutionNode = FALSE
	EndGlobalSection
	GlobalSection(ExtensibilityGlobals) = postSolution
		SolutionGuid = {368BCCE3-DC47-4E23-A98C-FE6250F25D97}
	EndGlobalSection
EndGlobal
