
Microsoft Visual Studio Solution File, Format Version 12.00
# Visual Studio Version 16
VisualStudioVersion = 16.0.32413.511
MinimumVisualStudioVersion = 10.0.40219.1
Project("{FAE04EC0-301F-11D3-BF4B-00C04F79EFBC}") = "NewsletterAppMVC", "NewsletterAppMVC\NewsletterAppMVC.csproj", "{C33A55B0-7210-4318-A7F0-B60D921D91EA}"
EndProject
Global
	GlobalSection(SolutionConfigurationPlatforms) = preSolution
		Debug|Any CPU = Debug|Any CPU
		Release|Any CPU = Release|Any CPU
	EndGlobalSection
	GlobalSection(ProjectConfigurationPlatforms) = postSolution
		{C33A55B0-7210-4318-A7F0-B60D921D91EA}.Debug|Any CPU.ActiveCfg = Debug|Any CPU
		{C33A55B0-7210-4318-A7F0-B60D921D91EA}.Debug|Any CPU.Build.0 = Debug|Any CPU
		{C33A55B0-7210-4318-A7F0-B60D921D91EA}.Release|Any CPU.ActiveCfg = Release|Any CPU
		{C33A55B0-7210-4318-A7F0-B60D921D91EA}.Release|Any CPU.Build.0 = Release|Any CPU
	EndGlobalSection
	GlobalSection(SolutionProperties) = preSolution
		HideSolutionNode = FALSE
	EndGlobalSection
	GlobalSection(ExtensibilityGlobals) = postSolution
		SolutionGuid = {E9E6B8C1-8F02-4DBC-8422-3BB63FF116E5}
	EndGlobalSection
EndGlobal
