
Microsoft Visual Studio Solution File, Format Version 12.00
# Visual Studio Version 16
VisualStudioVersion = 16.0.32413.511
MinimumVisualStudioVersion = 10.0.40219.1
Project("{FAE04EC0-301F-11D3-BF4B-00C04F79EFBC}") = "Branching", "Branching\Branching.csproj", "{D637F4C6-F688-45B4-B0A1-809A1B3AA99F}"
EndProject
Global
	GlobalSection(SolutionConfigurationPlatforms) = preSolution
		Debug|Any CPU = Debug|Any CPU
		Release|Any CPU = Release|Any CPU
	EndGlobalSection
	GlobalSection(ProjectConfigurationPlatforms) = postSolution
		{D637F4C6-F688-45B4-B0A1-809A1B3AA99F}.Debug|Any CPU.ActiveCfg = Debug|Any CPU
		{D637F4C6-F688-45B4-B0A1-809A1B3AA99F}.Debug|Any CPU.Build.0 = Debug|Any CPU
		{D637F4C6-F688-45B4-B0A1-809A1B3AA99F}.Release|Any CPU.ActiveCfg = Release|Any CPU
		{D637F4C6-F688-45B4-B0A1-809A1B3AA99F}.Release|Any CPU.Build.0 = Release|Any CPU
	EndGlobalSection
	GlobalSection(SolutionProperties) = preSolution
		HideSolutionNode = FALSE
	EndGlobalSection
	GlobalSection(ExtensibilityGlobals) = postSolution
		SolutionGuid = {24EF6FAC-3B31-4AC9-9623-718B3E250B99}
	EndGlobalSection
EndGlobal
