
Microsoft Visual Studio Solution File, Format Version 12.00
# Visual Studio Version 16
VisualStudioVersion = 16.0.32413.511
MinimumVisualStudioVersion = 10.0.40219.1
Project("{FAE04EC0-301F-11D3-BF4B-00C04F79EFBC}") = "TechAcadStudentsMVC", "TechAcadStudentsMVC\TechAcadStudentsMVC.csproj", "{2D71D09B-CC61-439C-BA72-79ED48BB0C7C}"
EndProject
Global
	GlobalSection(SolutionConfigurationPlatforms) = preSolution
		Debug|Any CPU = Debug|Any CPU
		Release|Any CPU = Release|Any CPU
	EndGlobalSection
	GlobalSection(ProjectConfigurationPlatforms) = postSolution
		{2D71D09B-CC61-439C-BA72-79ED48BB0C7C}.Debug|Any CPU.ActiveCfg = Debug|Any CPU
		{2D71D09B-CC61-439C-BA72-79ED48BB0C7C}.Debug|Any CPU.Build.0 = Debug|Any CPU
		{2D71D09B-CC61-439C-BA72-79ED48BB0C7C}.Release|Any CPU.ActiveCfg = Release|Any CPU
		{2D71D09B-CC61-439C-BA72-79ED48BB0C7C}.Release|Any CPU.Build.0 = Release|Any CPU
	EndGlobalSection
	GlobalSection(SolutionProperties) = preSolution
		HideSolutionNode = FALSE
	EndGlobalSection
	GlobalSection(ExtensibilityGlobals) = postSolution
		SolutionGuid = {43040F4A-2A27-49D6-9A04-E71B5A09B572}
	EndGlobalSection
EndGlobal
