
Microsoft Visual Studio Solution File, Format Version 12.00
# Visual Studio Version 16
VisualStudioVersion = 16.0.32413.511
MinimumVisualStudioVersion = 10.0.40219.1
Project("{FAE04EC0-301F-11D3-BF4B-00C04F79EFBC}") = "Polymorphism", "Polymorphism\Polymorphism.csproj", "{B9180B53-A491-4C1F-BB59-9F732D0B7171}"
EndProject
Global
	GlobalSection(SolutionConfigurationPlatforms) = preSolution
		Debug|Any CPU = Debug|Any CPU
		Release|Any CPU = Release|Any CPU
	EndGlobalSection
	GlobalSection(ProjectConfigurationPlatforms) = postSolution
		{B9180B53-A491-4C1F-BB59-9F732D0B7171}.Debug|Any CPU.ActiveCfg = Debug|Any CPU
		{B9180B53-A491-4C1F-BB59-9F732D0B7171}.Debug|Any CPU.Build.0 = Debug|Any CPU
		{B9180B53-A491-4C1F-BB59-9F732D0B7171}.Release|Any CPU.ActiveCfg = Release|Any CPU
		{B9180B53-A491-4C1F-BB59-9F732D0B7171}.Release|Any CPU.Build.0 = Release|Any CPU
	EndGlobalSection
	GlobalSection(SolutionProperties) = preSolution
		HideSolutionNode = FALSE
	EndGlobalSection
	GlobalSection(ExtensibilityGlobals) = postSolution
		SolutionGuid = {18741EE5-AC8D-43E3-BE59-E166788DCC8C}
	EndGlobalSection
EndGlobal
