
Microsoft Visual Studio Solution File, Format Version 12.00
# Visual Studio Version 16
VisualStudioVersion = 16.0.32413.511
MinimumVisualStudioVersion = 10.0.40219.1
Project("{FAE04EC0-301F-11D3-BF4B-00C04F79EFBC}") = "BooleanLogic", "BooleanLogic\BooleanLogic.csproj", "{02AAE8B3-7D8F-436B-9BA2-215348A1E935}"
EndProject
Global
	GlobalSection(SolutionConfigurationPlatforms) = preSolution
		Debug|Any CPU = Debug|Any CPU
		Release|Any CPU = Release|Any CPU
	EndGlobalSection
	GlobalSection(ProjectConfigurationPlatforms) = postSolution
		{02AAE8B3-7D8F-436B-9BA2-215348A1E935}.Debug|Any CPU.ActiveCfg = Debug|Any CPU
		{02AAE8B3-7D8F-436B-9BA2-215348A1E935}.Debug|Any CPU.Build.0 = Debug|Any CPU
		{02AAE8B3-7D8F-436B-9BA2-215348A1E935}.Release|Any CPU.ActiveCfg = Release|Any CPU
		{02AAE8B3-7D8F-436B-9BA2-215348A1E935}.Release|Any CPU.Build.0 = Release|Any CPU
	EndGlobalSection
	GlobalSection(SolutionProperties) = preSolution
		HideSolutionNode = FALSE
	EndGlobalSection
	GlobalSection(ExtensibilityGlobals) = postSolution
		SolutionGuid = {C6B8E9FD-F7EF-4E7E-91DF-3DC499513BF5}
	EndGlobalSection
EndGlobal
