
Microsoft Visual Studio Solution File, Format Version 12.00
# Visual Studio Version 16
VisualStudioVersion = 16.0.32413.511
MinimumVisualStudioVersion = 10.0.40219.1
Project("{FAE04EC0-301F-11D3-BF4B-00C04F79EFBC}") = "WhileDoStatements", "WhileDoStatements\WhileDoStatements.csproj", "{FC68606E-0D0D-4075-8256-5459EF97ABB3}"
EndProject
Global
	GlobalSection(SolutionConfigurationPlatforms) = preSolution
		Debug|Any CPU = Debug|Any CPU
		Release|Any CPU = Release|Any CPU
	EndGlobalSection
	GlobalSection(ProjectConfigurationPlatforms) = postSolution
		{FC68606E-0D0D-4075-8256-5459EF97ABB3}.Debug|Any CPU.ActiveCfg = Debug|Any CPU
		{FC68606E-0D0D-4075-8256-5459EF97ABB3}.Debug|Any CPU.Build.0 = Debug|Any CPU
		{FC68606E-0D0D-4075-8256-5459EF97ABB3}.Release|Any CPU.ActiveCfg = Release|Any CPU
		{FC68606E-0D0D-4075-8256-5459EF97ABB3}.Release|Any CPU.Build.0 = Release|Any CPU
	EndGlobalSection
	GlobalSection(SolutionProperties) = preSolution
		HideSolutionNode = FALSE
	EndGlobalSection
	GlobalSection(ExtensibilityGlobals) = postSolution
		SolutionGuid = {8DE76166-5E6C-4E39-B275-9019BB085C09}
	EndGlobalSection
EndGlobal
